
Microsoft Visual Studio Solution File, Format Version 12.00
# Visual Studio Version 16
VisualStudioVersion = 16.0.28803.202
MinimumVisualStudioVersion = 10.0.40219.1
Project("{FAE04EC0-301F-11D3-BF4B-00C04F79EFBC}") = "MazeGenerator", "MazeGenerator\MazeGenerator.csproj", "{67F6C12B-08B5-4CC8-8767-4D966EF52578}"
EndProject
Project("{FAE04EC0-301F-11D3-BF4B-00C04F79EFBC}") = "MazeGenerator.Tests", "MazeGenerator.Tests\MazeGenerator.Tests.csproj", "{AD9538ED-AF9F-4461-BC18-0F6C021A82BE}"
EndProject
Project("{FAE04EC0-301F-11D3-BF4B-00C04F79EFBC}") = "MazeGenerator.Maze", "MazeGenerator.Maze\MazeGenerator.Maze.csproj", "{AC63874E-D8FA-4717-86CE-82ADEAC0D029}"
EndProject
Global
	GlobalSection(SolutionConfigurationPlatforms) = preSolution
		Debug|Any CPU = Debug|Any CPU
		Release|Any CPU = Release|Any CPU
	EndGlobalSection
	GlobalSection(ProjectConfigurationPlatforms) = postSolution
		{67F6C12B-08B5-4CC8-8767-4D966EF52578}.Debug|Any CPU.ActiveCfg = Debug|Any CPU
		{67F6C12B-08B5-4CC8-8767-4D966EF52578}.Debug|Any CPU.Build.0 = Debug|Any CPU
		{67F6C12B-08B5-4CC8-8767-4D966EF52578}.Release|Any CPU.ActiveCfg = Release|Any CPU
		{67F6C12B-08B5-4CC8-8767-4D966EF52578}.Release|Any CPU.Build.0 = Release|Any CPU
		{AD9538ED-AF9F-4461-BC18-0F6C021A82BE}.Debug|Any CPU.ActiveCfg = Debug|Any CPU
		{AD9538ED-AF9F-4461-BC18-0F6C021A82BE}.Debug|Any CPU.Build.0 = Debug|Any CPU
		{AD9538ED-AF9F-4461-BC18-0F6C021A82BE}.Release|Any CPU.ActiveCfg = Release|Any CPU
		{AD9538ED-AF9F-4461-BC18-0F6C021A82BE}.Release|Any CPU.Build.0 = Release|Any CPU
		{AC63874E-D8FA-4717-86CE-82ADEAC0D029}.Debug|Any CPU.ActiveCfg = Debug|Any CPU
		{AC63874E-D8FA-4717-86CE-82ADEAC0D029}.Debug|Any CPU.Build.0 = Debug|Any CPU
		{AC63874E-D8FA-4717-86CE-82ADEAC0D029}.Release|Any CPU.ActiveCfg = Release|Any CPU
		{AC63874E-D8FA-4717-86CE-82ADEAC0D029}.Release|Any CPU.Build.0 = Release|Any CPU
	EndGlobalSection
	GlobalSection(SolutionProperties) = preSolution
		HideSolutionNode = FALSE
	EndGlobalSection
	GlobalSection(ExtensibilityGlobals) = postSolution
		SolutionGuid = {F7324F2B-03E2-4E42-BC90-43E66E8547A5}
	EndGlobalSection
EndGlobal
